
Microsoft Visual Studio Solution File, Format Version 12.00
# Visual Studio 15
Project("{FAE04EC0-301F-11D3-BF4B-00C04F79EFBC}") = "Assembly-CSharp", "Assembly-CSharp.csproj", "{6C5EC232-5943-6695-A727-6D345C92CB56}"
EndProject
Project("{FAE04EC0-301F-11D3-BF4B-00C04F79EFBC}") = "Assembly-CSharp-Editor", "Assembly-CSharp-Editor.csproj", "{5617585A-F883-A8E4-4F0C-82428CE7EDFA}"
EndProject
Global
	GlobalSection(SolutionConfigurationPlatforms) = preSolution
		Debug|Any CPU = Debug|Any CPU
		Release|Any CPU = Release|Any CPU
	EndGlobalSection
	GlobalSection(ProjectConfigurationPlatforms) = postSolution
		{6C5EC232-5943-6695-A727-6D345C92CB56}.Debug|Any CPU.ActiveCfg = Debug|Any CPU
		{6C5EC232-5943-6695-A727-6D345C92CB56}.Debug|Any CPU.Build.0 = Debug|Any CPU
		{6C5EC232-5943-6695-A727-6D345C92CB56}.Release|Any CPU.ActiveCfg = Release|Any CPU
		{6C5EC232-5943-6695-A727-6D345C92CB56}.Release|Any CPU.Build.0 = Release|Any CPU
		{5617585A-F883-A8E4-4F0C-82428CE7EDFA}.Debug|Any CPU.ActiveCfg = Debug|Any CPU
		{5617585A-F883-A8E4-4F0C-82428CE7EDFA}.Debug|Any CPU.Build.0 = Debug|Any CPU
		{5617585A-F883-A8E4-4F0C-82428CE7EDFA}.Release|Any CPU.ActiveCfg = Release|Any CPU
		{5617585A-F883-A8E4-4F0C-82428CE7EDFA}.Release|Any CPU.Build.0 = Release|Any CPU
	EndGlobalSection
	GlobalSection(SolutionProperties) = preSolution
		HideSolutionNode = FALSE
	EndGlobalSection
EndGlobal
